
Microsoft Visual Studio Solution File, Format Version 12.00
# Visual Studio Version 17
VisualStudioVersion = 17.4.33213.308
MinimumVisualStudioVersion = 10.0.40219.1
Project("{FAE04EC0-301F-11D3-BF4B-00C04F79EFBC}") = "Arrays", "Arrays\Arrays.csproj", "{1B660C8A-6C73-45E0-854E-42F6D72EAD42}"
EndProject
Global
	GlobalSection(SolutionConfigurationPlatforms) = preSolution
		Debug|Any CPU = Debug|Any CPU
		Release|Any CPU = Release|Any CPU
	EndGlobalSection
	GlobalSection(ProjectConfigurationPlatforms) = postSolution
		{1B660C8A-6C73-45E0-854E-42F6D72EAD42}.Debug|Any CPU.ActiveCfg = Debug|Any CPU
		{1B660C8A-6C73-45E0-854E-42F6D72EAD42}.Debug|Any CPU.Build.0 = Debug|Any CPU
		{1B660C8A-6C73-45E0-854E-42F6D72EAD42}.Release|Any CPU.ActiveCfg = Release|Any CPU
		{1B660C8A-6C73-45E0-854E-42F6D72EAD42}.Release|Any CPU.Build.0 = Release|Any CPU
	EndGlobalSection
	GlobalSection(SolutionProperties) = preSolution
		HideSolutionNode = FALSE
	EndGlobalSection
	GlobalSection(ExtensibilityGlobals) = postSolution
		SolutionGuid = {6E4B1028-5DB1-4474-912C-37C6C5D2684B}
	EndGlobalSection
EndGlobal
