
Microsoft Visual Studio Solution File, Format Version 12.00
# Visual Studio Version 17
VisualStudioVersion = 17.4.33213.308
MinimumVisualStudioVersion = 10.0.40219.1
Project("{FAE04EC0-301F-11D3-BF4B-00C04F79EFBC}") = "String example", "String example\String example.csproj", "{FE7FCE38-E2FB-42EB-9A8F-014729A3FADD}"
EndProject
Global
	GlobalSection(SolutionConfigurationPlatforms) = preSolution
		Debug|Any CPU = Debug|Any CPU
		Release|Any CPU = Release|Any CPU
	EndGlobalSection
	GlobalSection(ProjectConfigurationPlatforms) = postSolution
		{FE7FCE38-E2FB-42EB-9A8F-014729A3FADD}.Debug|Any CPU.ActiveCfg = Debug|Any CPU
		{FE7FCE38-E2FB-42EB-9A8F-014729A3FADD}.Debug|Any CPU.Build.0 = Debug|Any CPU
		{FE7FCE38-E2FB-42EB-9A8F-014729A3FADD}.Release|Any CPU.ActiveCfg = Release|Any CPU
		{FE7FCE38-E2FB-42EB-9A8F-014729A3FADD}.Release|Any CPU.Build.0 = Release|Any CPU
	EndGlobalSection
	GlobalSection(SolutionProperties) = preSolution
		HideSolutionNode = FALSE
	EndGlobalSection
	GlobalSection(ExtensibilityGlobals) = postSolution
		SolutionGuid = {EB9EF7C4-552A-4805-A035-9A946B5D5186}
	EndGlobalSection
EndGlobal
