
Microsoft Visual Studio Solution File, Format Version 12.00
# Visual Studio Version 17
VisualStudioVersion = 17.4.33213.308
MinimumVisualStudioVersion = 10.0.40219.1
Project("{FAE04EC0-301F-11D3-BF4B-00C04F79EFBC}") = "String Methods", "String Methods\String Methods.csproj", "{F23D4EC2-C60B-40B9-930E-DF83C0CED674}"
EndProject
Global
	GlobalSection(SolutionConfigurationPlatforms) = preSolution
		Debug|Any CPU = Debug|Any CPU
		Release|Any CPU = Release|Any CPU
	EndGlobalSection
	GlobalSection(ProjectConfigurationPlatforms) = postSolution
		{F23D4EC2-C60B-40B9-930E-DF83C0CED674}.Debug|Any CPU.ActiveCfg = Debug|Any CPU
		{F23D4EC2-C60B-40B9-930E-DF83C0CED674}.Debug|Any CPU.Build.0 = Debug|Any CPU
		{F23D4EC2-C60B-40B9-930E-DF83C0CED674}.Release|Any CPU.ActiveCfg = Release|Any CPU
		{F23D4EC2-C60B-40B9-930E-DF83C0CED674}.Release|Any CPU.Build.0 = Release|Any CPU
	EndGlobalSection
	GlobalSection(SolutionProperties) = preSolution
		HideSolutionNode = FALSE
	EndGlobalSection
	GlobalSection(ExtensibilityGlobals) = postSolution
		SolutionGuid = {F5C93A67-16C3-4583-990F-A943A7C2E872}
	EndGlobalSection
EndGlobal
