
Microsoft Visual Studio Solution File, Format Version 12.00
# Visual Studio Version 17
VisualStudioVersion = 17.4.33213.308
MinimumVisualStudioVersion = 10.0.40219.1
Project("{FAE04EC0-301F-11D3-BF4B-00C04F79EFBC}") = "Hello World", "Hello World\Hello World.csproj", "{31DD0333-6513-4D9E-B644-22E4401CAFD5}"
EndProject
Global
	GlobalSection(SolutionConfigurationPlatforms) = preSolution
		Debug|Any CPU = Debug|Any CPU
		Release|Any CPU = Release|Any CPU
	EndGlobalSection
	GlobalSection(ProjectConfigurationPlatforms) = postSolution
		{31DD0333-6513-4D9E-B644-22E4401CAFD5}.Debug|Any CPU.ActiveCfg = Debug|Any CPU
		{31DD0333-6513-4D9E-B644-22E4401CAFD5}.Debug|Any CPU.Build.0 = Debug|Any CPU
		{31DD0333-6513-4D9E-B644-22E4401CAFD5}.Release|Any CPU.ActiveCfg = Release|Any CPU
		{31DD0333-6513-4D9E-B644-22E4401CAFD5}.Release|Any CPU.Build.0 = Release|Any CPU
	EndGlobalSection
	GlobalSection(SolutionProperties) = preSolution
		HideSolutionNode = FALSE
	EndGlobalSection
	GlobalSection(ExtensibilityGlobals) = postSolution
		SolutionGuid = {4C09A64E-DFD3-415A-898F-B676E5E95202}
	EndGlobalSection
EndGlobal
